{
  "name": "abaquspy-input-file-syntax-highlighter",
  "version": "0.0.2",
  "lockfileVersion": 3,
  "requires": true,
  "packages": {
    "": {
      "name": "abaquspy-input-file-syntax-highlighter",
      "version": "0.0.2",
      "license": "MIT",
      "engines": {
        "vscode": "^1.85.0"
      }
    }
  }
}
