{
  "name": "syntax-highlighter-for-abaqus-input-files",
  "version": "0.0.2",
  "lockfileVersion": 1,
  "requires": true,
  "packages": {
    "": {
      "name": "syntax-highlighter-for-abaqus-input-files",
      "version": "0.0.2",
      "license": "MIT",
      "engines": {
        "vscode": "^1.85.0"
      }
    }
  }
}
